<?xml version="1.0" encoding="utf-8"?>
<Project ToolsVersion="4.0" xmlns="http://schemas.microsoft.com/developer/msbuild/2003">
  <ItemGroup>
    <ClCompile Include="src\Core\Entry.cpp" />
    <ClCompile Include="src\Core\Game.cpp" />
    <ClCompile Include="src\Utils\TextureAtlas.cpp" />
    <ClCompile Include="src\Utils\ColorLookupMap.cpp" />
    <ClCompile Include="src\Entity\GameObject.cpp" />
    <ClCompile Include="src\Entity\Transform.cpp" />
    <ClCompile Include="src\Scene\Scene.cpp" />
    <ClCompile Include="src\Game\Scenes\Level1.cpp" />
    <ClCompile Include="src\Renderer\Mesh.cpp" />
    <ClCompile Include="src\Entity\Camera.cpp" />
    <ClCompile Include="src\Renderer\Renderer.cpp" />
    <ClCompile Include="lib\glad\src\glad.c" />
    <ClCompile Include="src\Scene\SceneManager.cpp" />
    <ClCompile Include="src\Renderer\Shader.cpp" />
    <ClCompile Include="src\Utils\File.cpp" />
    <ClCompile Include="src\Renderer\Buffer.cpp" />
    <ClCompile Include="src\Renderer\VertexArray.cpp" />
    <ClCompile Include="src\Renderer\VertexData.cpp" />
    <ClCompile Include="src\Game\Gameplay\TankMovement.cpp" />
    <ClCompile Include="src\Entity\MeshRenderer.cpp" />
    <ClCompile Include="src\Renderer\Texture.cpp" />
    <ClCompile Include="src\Core\Time.cpp" />
    <ClCompile Include="src\Game\Gameplay\FlyingCamera.cpp" />
    <ClCompile Include="src\Utils\Log.cpp" />
    <ClCompile Include="src\mypch.cpp" />
    <ClCompile Include="src\Physics\AABB.cpp" />
    <ClCompile Include="src\Entity\BoxCollider.cpp" />
    <ClCompile Include="src\Physics\PhysicsEnviroment.cpp" />
    <ClCompile Include="src\Game\Gameplay\TankGun.cpp" />
    <ClCompile Include="src\Game\Gameplay\TankInput.cpp" />
  </ItemGroup>
  <ItemGroup>
    <ClInclude Include="src\Core\Game.h" />
    <ClInclude Include="src\Utils\TextureAtlas.h" />
    <ClInclude Include="src\Core\Core.h" />
    <ClInclude Include="src\Entity\GameObject.h" />
    <ClInclude Include="src\Utils\ColorLookupMap.h" />
    <ClInclude Include="src\Entity\Component.h" />
    <ClInclude Include="src\Entity\Transform.h" />
    <ClInclude Include="src\Scene\Scene.h" />
    <ClInclude Include="src\Game\Scenes\Level1.h" />
    <ClInclude Include="src\Entity\MeshRenderer.h" />
    <ClInclude Include="src\Renderer\Mesh.h" />
    <ClInclude Include="src\Renderer\Renderer.h" />
    <ClInclude Include="src\Entity\Camera.h" />
    <ClInclude Include="lib\glad\include\glad\glad.h" />
    <ClInclude Include="src\Scene\SceneManager.h" />
    <ClInclude Include="src\Renderer\Shader.h" />
    <ClInclude Include="src\Utils\File.h" />
    <ClInclude Include="src\Renderer\Material.h" />
    <ClInclude Include="src\Renderer\Buffer.h" />
    <ClInclude Include="src\Renderer\VertexArray.h" />
    <ClInclude Include="src\Renderer\VertexData.h" />
    <ClInclude Include="src\Game\Gameplay\TankMovement.h" />
    <ClInclude Include="src\Entity\ScriptComponent.h" />
    <ClInclude Include="src\Renderer\Texture.h" />
    <ClInclude Include="src\Core\Time.h" />
    <ClInclude Include="src\Game\Gameplay\FlyingCamera.h" />
    <ClInclude Include="src\Utils\Log.h" />
    <ClInclude Include="src\mypch.h" />
    <ClInclude Include="src\Physics\AABB.h" />
    <ClInclude Include="src\Entity\BoxCollider.h" />
    <ClInclude Include="src\Physics\PhysicsEnviroment.h" />
    <ClInclude Include="src\Entity\PhysicsBody.h" />
    <ClInclude Include="src\Entity\Components.h" />
    <ClInclude Include="src\Game\Gameplay\TankGun.h" />
    <ClInclude Include="src\Game\Gameplay\TankInput.h" />
  </ItemGroup>
  <ItemGroup>
    <Filter Include="template code">
      <UniqueIdentifier>{bf32dd6e-4be7-4889-8ac6-49e7ee163c40}</UniqueIdentifier>
    </Filter>
  </ItemGroup>
</Project>