<?xml version="1.0" encoding="utf-8"?>
<Project ToolsVersion="4.0" xmlns="http://schemas.microsoft.com/developer/msbuild/2003">
  <ItemGroup>
    <ClCompile Include="src\Core\Entry.cpp" />
    <ClCompile Include="src\Game.cpp" />
    <ClCompile Include="src\Renderer\TextureAtlas.cpp" />
    <ClCompile Include="src\Renderer\Tileset.cpp" />
    <ClCompile Include="src\Gameplay\SkyBox.cpp" />
    <ClCompile Include="src\Utils\ColorLookupMap.cpp" />
  </ItemGroup>
  <ItemGroup>
    <ClInclude Include="src\Game.h" />
    <ClInclude Include="src\Renderer\TextureAtlas.h" />
    <ClInclude Include="src\Core\Core.h" />
    <ClInclude Include="src\Renderer\Tileset.h" />
    <ClInclude Include="src\Gameplay\GameObject.h" />
    <ClInclude Include="src\Gameplay\Skybox.h" />
    <ClInclude Include="src\Utils\ColorLookupMap.h" />
  </ItemGroup>
  <ItemGroup>
    <Filter Include="template code">
      <UniqueIdentifier>{bf32dd6e-4be7-4889-8ac6-49e7ee163c40}</UniqueIdentifier>
    </Filter>
  </ItemGroup>
</Project>